# This file is generated by running "yarn install" inside your project.
# Manual changes might be lost - proceed with caution!

__metadata:
  version: 8
  cacheKey: 10c0

"tawa-zenn@workspace:.":
  version: 0.0.0-use.local
  resolution: "tawa-zenn@workspace:."
  dependencies:
    zenn-cli: "npm:^0.2.3"
  languageName: unknown
  linkType: soft

"zenn-cli@npm:^0.2.3":
  version: 0.2.3
  resolution: "zenn-cli@npm:0.2.3"
  bin:
    zenn: dist/server/zenn.js
  checksum: 10c0/534a1b833fc5679d971e7f9cb9964ed7c46d5cab956782a7d88f6bd33d2ea75e1905dfe7bb2110a3aa9520f51b218a1e9b1074fbe61a8644eb75f1965419fa04
  languageName: node
  linkType: hard
