# This file is generated by running "yarn install" inside your project.
# Manual changes might be lost - proceed with caution!

__metadata:
  version: 8
  cacheKey: 10c0

"tawa-zenn@workspace:.":
  version: 0.0.0-use.local
  resolution: "tawa-zenn@workspace:."
  dependencies:
    zenn-cli: "npm:^0.2.9"
  languageName: unknown
  linkType: soft

"zenn-cli@npm:^0.2.9":
  version: 0.2.9
  resolution: "zenn-cli@npm:0.2.9"
  bin:
    zenn: dist/server/zenn.js
  checksum: 10c0/502a0d589f85a800b41f4bbabc6912395e6f038d58d2d5c6e47dd6692baa7cf5c5ca0838c777aa447995732ff065ebce202a4a7e1df770c135a13b140db9192e
  languageName: node
  linkType: hard
